
Microsoft Visual Studio Solution File, Format Version 12.00
# Visual Studio Version 16
VisualStudioVersion = 16.0.29509.3
MinimumVisualStudioVersion = 10.0.40219.1
Project("{FAE04EC0-301F-11D3-BF4B-00C04F79EFBC}") = "HashdexChallenge1-Subscriber", "HashdexChallenge1-Subscriber.csproj", "{685B7A2C-4152-4743-B43C-17813BF43CCA}"
EndProject
Global
	GlobalSection(SolutionConfigurationPlatforms) = preSolution
		Debug|Any CPU = Debug|Any CPU
		Release|Any CPU = Release|Any CPU
	EndGlobalSection
	GlobalSection(ProjectConfigurationPlatforms) = postSolution
		{685B7A2C-4152-4743-B43C-17813BF43CCA}.Debug|Any CPU.ActiveCfg = Debug|Any CPU
		{685B7A2C-4152-4743-B43C-17813BF43CCA}.Debug|Any CPU.Build.0 = Debug|Any CPU
		{685B7A2C-4152-4743-B43C-17813BF43CCA}.Release|Any CPU.ActiveCfg = Release|Any CPU
		{685B7A2C-4152-4743-B43C-17813BF43CCA}.Release|Any CPU.Build.0 = Release|Any CPU
	EndGlobalSection
	GlobalSection(SolutionProperties) = preSolution
		HideSolutionNode = FALSE
	EndGlobalSection
	GlobalSection(ExtensibilityGlobals) = postSolution
		SolutionGuid = {772942DE-73B3-431C-BFD9-197E5A3667F3}
	EndGlobalSection
EndGlobal
